// !$*UTF8*$!
{
	archiveVersion = 1;
	classes = {
	};
	objectVersion = 50;
	objects = {

/* Begin PBXBuildFile section */
		509C066324EFAF1900FFEA85 /* AppDelegate.swift in Sources */ = {isa = PBXBuildFile; fileRef = 509C066224EFAF1900FFEA85 /* AppDelegate.swift */; };
		509C066524EFAF1900FFEA85 /* SceneDelegate.swift in Sources */ = {isa = PBXBuildFile; fileRef = 509C066424EFAF1900FFEA85 /* SceneDelegate.swift */; };
		509C066724EFAF1900FFEA85 /* ViewController.swift in Sources */ = {isa = PBXBuildFile; fileRef = 509C066624EFAF1900FFEA85 /* ViewController.swift */; };
		509C066A24EFAF1900FFEA85 /* Main.storyboard in Resources */ = {isa = PBXBuildFile; fileRef = 509C066824EFAF1900FFEA85 /* Main.storyboard */; };
		509C066C24EFAF1A00FFEA85 /* Assets.xcassets in Resources */ = {isa = PBXBuildFile; fileRef = 509C066B24EFAF1A00FFEA85 /* Assets.xcassets */; };
		509C066F24EFAF1A00FFEA85 /* LaunchScreen.storyboard in Resources */ = {isa = PBXBuildFile; fileRef = 509C066D24EFAF1A00FFEA85 /* LaunchScreen.storyboard */; };
		509C067724F5060000FFEA85 /* Constants.swift in Sources */ = {isa = PBXBuildFile; fileRef = 509C067624F5060000FFEA85 /* Constants.swift */; };
		509C067924F826AF00FFEA85 /* Video.swift in Sources */ = {isa = PBXBuildFile; fileRef = 509C067824F826AF00FFEA85 /* Video.swift */; };
		509C067B24F8276E00FFEA85 /* Model.swift in Sources */ = {isa = PBXBuildFile; fileRef = 509C067A24F8276E00FFEA85 /* Model.swift */; };
		509C067D24F83A4B00FFEA85 /* ConstantsTemplate.swift in Sources */ = {isa = PBXBuildFile; fileRef = 509C067C24F83A4B00FFEA85 /* ConstantsTemplate.swift */; };
		509C067F24F976FB00FFEA85 /* Response.swift in Sources */ = {isa = PBXBuildFile; fileRef = 509C067E24F976FB00FFEA85 /* Response.swift */; };
/* End PBXBuildFile section */

/* Begin PBXFileReference section */
		509C065F24EFAF1900FFEA85 /* youtube-onedaybuild.app */ = {isa = PBXFileReference; explicitFileType = wrapper.application; includeInIndex = 0; path = "youtube-onedaybuild.app"; sourceTree = BUILT_PRODUCTS_DIR; };
		509C066224EFAF1900FFEA85 /* AppDelegate.swift */ = {isa = PBXFileReference; lastKnownFileType = sourcecode.swift; path = AppDelegate.swift; sourceTree = "<group>"; };
		509C066424EFAF1900FFEA85 /* SceneDelegate.swift */ = {isa = PBXFileReference; lastKnownFileType = sourcecode.swift; path = SceneDelegate.swift; sourceTree = "<group>"; };
		509C066624EFAF1900FFEA85 /* ViewController.swift */ = {isa = PBXFileReference; lastKnownFileType = sourcecode.swift; path = ViewController.swift; sourceTree = "<group>"; };
		509C066924EFAF1900FFEA85 /* Base */ = {isa = PBXFileReference; lastKnownFileType = file.storyboard; name = Base; path = Base.lproj/Main.storyboard; sourceTree = "<group>"; };
		509C066B24EFAF1A00FFEA85 /* Assets.xcassets */ = {isa = PBXFileReference; lastKnownFileType = folder.assetcatalog; path = Assets.xcassets; sourceTree = "<group>"; };
		509C066E24EFAF1A00FFEA85 /* Base */ = {isa = PBXFileReference; lastKnownFileType = file.storyboard; name = Base; path = Base.lproj/LaunchScreen.storyboard; sourceTree = "<group>"; };
		509C067024EFAF1A00FFEA85 /* Info.plist */ = {isa = PBXFileReference; lastKnownFileType = text.plist.xml; path = Info.plist; sourceTree = "<group>"; };
		509C067624F5060000FFEA85 /* Constants.swift */ = {isa = PBXFileReference; lastKnownFileType = sourcecode.swift; path = Constants.swift; sourceTree = "<group>"; };
		509C067824F826AF00FFEA85 /* Video.swift */ = {isa = PBXFileReference; lastKnownFileType = sourcecode.swift; path = Video.swift; sourceTree = "<group>"; };
		509C067A24F8276E00FFEA85 /* Model.swift */ = {isa = PBXFileReference; lastKnownFileType = sourcecode.swift; path = Model.swift; sourceTree = "<group>"; };
		509C067C24F83A4B00FFEA85 /* ConstantsTemplate.swift */ = {isa = PBXFileReference; lastKnownFileType = sourcecode.swift; path = ConstantsTemplate.swift; sourceTree = "<group>"; };
		509C067E24F976FB00FFEA85 /* Response.swift */ = {isa = PBXFileReference; lastKnownFileType = sourcecode.swift; path = Response.swift; sourceTree = "<group>"; };
/* End PBXFileReference section */

/* Begin PBXFrameworksBuildPhase section */
		509C065C24EFAF1900FFEA85 /* Frameworks */ = {
			isa = PBXFrameworksBuildPhase;
			buildActionMask = 2147483647;
			files = (
			);
			runOnlyForDeploymentPostprocessing = 0;
		};
/* End PBXFrameworksBuildPhase section */

/* Begin PBXGroup section */
		509C065624EFAF1900FFEA85 = {
			isa = PBXGroup;
			children = (
				509C066124EFAF1900FFEA85 /* youtube-onedaybuild */,
				509C066024EFAF1900FFEA85 /* Products */,
			);
			sourceTree = "<group>";
		};
		509C066024EFAF1900FFEA85 /* Products */ = {
			isa = PBXGroup;
			children = (
				509C065F24EFAF1900FFEA85 /* youtube-onedaybuild.app */,
			);
			name = Products;
			sourceTree = "<group>";
		};
		509C066124EFAF1900FFEA85 /* youtube-onedaybuild */ = {
			isa = PBXGroup;
			children = (
				509C066224EFAF1900FFEA85 /* AppDelegate.swift */,
				509C066424EFAF1900FFEA85 /* SceneDelegate.swift */,
				509C066624EFAF1900FFEA85 /* ViewController.swift */,
				509C066824EFAF1900FFEA85 /* Main.storyboard */,
				509C066B24EFAF1A00FFEA85 /* Assets.xcassets */,
				509C066D24EFAF1A00FFEA85 /* LaunchScreen.storyboard */,
				509C067024EFAF1A00FFEA85 /* Info.plist */,
				509C067624F5060000FFEA85 /* Constants.swift */,
				509C067824F826AF00FFEA85 /* Video.swift */,
				509C067A24F8276E00FFEA85 /* Model.swift */,
				509C067C24F83A4B00FFEA85 /* ConstantsTemplate.swift */,
				509C067E24F976FB00FFEA85 /* Response.swift */,
			);
			path = "youtube-onedaybuild";
			sourceTree = "<group>";
		};
/* End PBXGroup section */

/* Begin PBXNativeTarget section */
		509C065E24EFAF1900FFEA85 /* youtube-onedaybuild */ = {
			isa = PBXNativeTarget;
			buildConfigurationList = 509C067324EFAF1A00FFEA85 /* Build configuration list for PBXNativeTarget "youtube-onedaybuild" */;
			buildPhases = (
				509C065B24EFAF1900FFEA85 /* Sources */,
				509C065C24EFAF1900FFEA85 /* Frameworks */,
				509C065D24EFAF1900FFEA85 /* Resources */,
			);
			buildRules = (
			);
			dependencies = (
			);
			name = "youtube-onedaybuild";
			productName = "youtube-onedaybuild";
			productReference = 509C065F24EFAF1900FFEA85 /* youtube-onedaybuild.app */;
			productType = "com.apple.product-type.application";
		};
/* End PBXNativeTarget section */

/* Begin PBXProject section */
		509C065724EFAF1900FFEA85 /* Project object */ = {
			isa = PBXProject;
			attributes = {
				LastSwiftUpdateCheck = 1150;
				LastUpgradeCheck = 1150;
				ORGANIZATIONNAME = "Simileoluwa Aluko";
				TargetAttributes = {
					509C065E24EFAF1900FFEA85 = {
						CreatedOnToolsVersion = 11.5;
					};
				};
			};
			buildConfigurationList = 509C065A24EFAF1900FFEA85 /* Build configuration list for PBXProject "youtube-onedaybuild" */;
			compatibilityVersion = "Xcode 9.3";
			developmentRegion = en;
			hasScannedForEncodings = 0;
			knownRegions = (
				en,
				Base,
			);
			mainGroup = 509C065624EFAF1900FFEA85;
			productRefGroup = 509C066024EFAF1900FFEA85 /* Products */;
			projectDirPath = "";
			projectRoot = "";
			targets = (
				509C065E24EFAF1900FFEA85 /* youtube-onedaybuild */,
			);
		};
/* End PBXProject section */

/* Begin PBXResourcesBuildPhase section */
		509C065D24EFAF1900FFEA85 /* Resources */ = {
			isa = PBXResourcesBuildPhase;
			buildActionMask = 2147483647;
			files = (
				509C066F24EFAF1A00FFEA85 /* LaunchScreen.storyboard in Resources */,
				509C066C24EFAF1A00FFEA85 /* Assets.xcassets in Resources */,
				509C066A24EFAF1900FFEA85 /* Main.storyboard in Resources */,
			);
			runOnlyForDeploymentPostprocessing = 0;
		};
/* End PBXResourcesBuildPhase section */

/* Begin PBXSourcesBuildPhase section */
		509C065B24EFAF1900FFEA85 /* Sources */ = {
			isa = PBXSourcesBuildPhase;
			buildActionMask = 2147483647;
			files = (
				509C067F24F976FB00FFEA85 /* Response.swift in Sources */,
				509C067D24F83A4B00FFEA85 /* ConstantsTemplate.swift in Sources */,
				509C066724EFAF1900FFEA85 /* ViewController.swift in Sources */,
				509C066324EFAF1900FFEA85 /* AppDelegate.swift in Sources */,
				509C066524EFAF1900FFEA85 /* SceneDelegate.swift in Sources */,
				509C067B24F8276E00FFEA85 /* Model.swift in Sources */,
				509C067724F5060000FFEA85 /* Constants.swift in Sources */,
				509C067924F826AF00FFEA85 /* Video.swift in Sources */,
			);
			runOnlyForDeploymentPostprocessing = 0;
		};
/* End PBXSourcesBuildPhase section */

/* Begin PBXVariantGroup section */
		509C066824EFAF1900FFEA85 /* Main.storyboard */ = {
			isa = PBXVariantGroup;
			children = (
				509C066924EFAF1900FFEA85 /* Base */,
			);
			name = Main.storyboard;
			sourceTree = "<group>";
		};
		509C066D24EFAF1A00FFEA85 /* LaunchScreen.storyboard */ = {
			isa = PBXVariantGroup;
			children = (
				509C066E24EFAF1A00FFEA85 /* Base */,
			);
			name = LaunchScreen.storyboard;
			sourceTree = "<group>";
		};
/* End PBXVariantGroup section */

/* Begin XCBuildConfiguration section */
		509C067124EFAF1A00FFEA85 /* Debug */ = {
			isa = XCBuildConfiguration;
			buildSettings = {
				ALWAYS_SEARCH_USER_PATHS = NO;
				CLANG_ANALYZER_NONNULL = YES;
				CLANG_ANALYZER_NUMBER_OBJECT_CONVERSION = YES_AGGRESSIVE;
				CLANG_CXX_LANGUAGE_STANDARD = "gnu++14";
				CLANG_CXX_LIBRARY = "libc++";
				CLANG_ENABLE_MODULES = YES;
				CLANG_ENABLE_OBJC_ARC = YES;
				CLANG_ENABLE_OBJC_WEAK = YES;
				CLANG_WARN_BLOCK_CAPTURE_AUTORELEASING = YES;
				CLANG_WARN_BOOL_CONVERSION = YES;
				CLANG_WARN_COMMA = YES;
				CLANG_WARN_CONSTANT_CONVERSION = YES;
				CLANG_WARN_DEPRECATED_OBJC_IMPLEMENTATIONS = YES;
				CLANG_WARN_DIRECT_OBJC_ISA_USAGE = YES_ERROR;
				CLANG_WARN_DOCUMENTATION_COMMENTS = YES;
				CLANG_WARN_EMPTY_BODY = YES;
				CLANG_WARN_ENUM_CONVERSION = YES;
				CLANG_WARN_INFINITE_RECURSION = YES;
				CLANG_WARN_INT_CONVERSION = YES;
				CLANG_WARN_NON_LITERAL_NULL_CONVERSION = YES;
				CLANG_WARN_OBJC_IMPLICIT_RETAIN_SELF = YES;
				CLANG_WARN_OBJC_LITERAL_CONVERSION = YES;
				CLANG_WARN_OBJC_ROOT_CLASS = YES_ERROR;
				CLANG_WARN_RANGE_LOOP_ANALYSIS = YES;
				CLANG_WARN_STRICT_PROTOTYPES = YES;
				CLANG_WARN_SUSPICIOUS_MOVE = YES;
				CLANG_WARN_UNGUARDED_AVAILABILITY = YES_AGGRESSIVE;
				CLANG_WARN_UNREACHABLE_CODE = YES;
				CLANG_WARN__DUPLICATE_METHOD_MATCH = YES;
				COPY_PHASE_STRIP = NO;
				DEBUG_INFORMATION_FORMAT = dwarf;
				ENABLE_STRICT_OBJC_MSGSEND = YES;
				ENABLE_TESTABILITY = YES;
				GCC_C_LANGUAGE_STANDARD = gnu11;
				GCC_DYNAMIC_NO_PIC = NO;
				GCC_NO_COMMON_BLOCKS = YES;
				GCC_OPTIMIZATION_LEVEL = 0;
				GCC_PREPROCESSOR_DEFINITIONS = (
					"DEBUG=1",
					"$(inherited)",
				);
				GCC_WARN_64_TO_32_BIT_CONVERSION = YES;
				GCC_WARN_ABOUT_RETURN_TYPE = YES_ERROR;
				GCC_WARN_UNDECLARED_SELECTOR = YES;
				GCC_WARN_UNINITIALIZED_AUTOS = YES_AGGRESSIVE;
				GCC_WARN_UNUSED_FUNCTION = YES;
				GCC_WARN_UNUSED_VARIABLE = YES;
				IPHONEOS_DEPLOYMENT_TARGET = 13.5;
				MTL_ENABLE_DEBUG_INFO = INCLUDE_SOURCE;
				MTL_FAST_MATH = YES;
				ONLY_ACTIVE_ARCH = YES;
				SDKROOT = iphoneos;
				SWIFT_ACTIVE_COMPILATION_CONDITIONS = DEBUG;
				SWIFT_OPTIMIZATION_LEVEL = "-Onone";
			};
			name = Debug;
		};
		509C067224EFAF1A00FFEA85 /* Release */ = {
			isa = XCBuildConfiguration;
			buildSettings = {
				ALWAYS_SEARCH_USER_PATHS = NO;
				CLANG_ANALYZER_NONNULL = YES;
				CLANG_ANALYZER_NUMBER_OBJECT_CONVERSION = YES_AGGRESSIVE;
				CLANG_CXX_LANGUAGE_STANDARD = "gnu++14";
				CLANG_CXX_LIBRARY = "libc++";
				CLANG_ENABLE_MODULES = YES;
				CLANG_ENABLE_OBJC_ARC = YES;
				CLANG_ENABLE_OBJC_WEAK = YES;
				CLANG_WARN_BLOCK_CAPTURE_AUTORELEASING = YES;
				CLANG_WARN_BOOL_CONVERSION = YES;
				CLANG_WARN_COMMA = YES;
				CLANG_WARN_CONSTANT_CONVERSION = YES;
				CLANG_WARN_DEPRECATED_OBJC_IMPLEMENTATIONS = YES;
				CLANG_WARN_DIRECT_OBJC_ISA_USAGE = YES_ERROR;
				CLANG_WARN_DOCUMENTATION_COMMENTS = YES;
				CLANG_WARN_EMPTY_BODY = YES;
				CLANG_WARN_ENUM_CONVERSION = YES;
				CLANG_WARN_INFINITE_RECURSION = YES;
				CLANG_WARN_INT_CONVERSION = YES;
				CLANG_WARN_NON_LITERAL_NULL_CONVERSION = YES;
				CLANG_WARN_OBJC_IMPLICIT_RETAIN_SELF = YES;
				CLANG_WARN_OBJC_LITERAL_CONVERSION = YES;
				CLANG_WARN_OBJC_ROOT_CLASS = YES_ERROR;
				CLANG_WARN_RANGE_LOOP_ANALYSIS = YES;
				CLANG_WARN_STRICT_PROTOTYPES = YES;
				CLANG_WARN_SUSPICIOUS_MOVE = YES;
				CLANG_WARN_UNGUARDED_AVAILABILITY = YES_AGGRESSIVE;
				CLANG_WARN_UNREACHABLE_CODE = YES;
				CLANG_WARN__DUPLICATE_METHOD_MATCH = YES;
				COPY_PHASE_STRIP = NO;
				DEBUG_INFORMATION_FORMAT = "dwarf-with-dsym";
				ENABLE_NS_ASSERTIONS = NO;
				ENABLE_STRICT_OBJC_MSGSEND = YES;
				GCC_C_LANGUAGE_STANDARD = gnu11;
				GCC_NO_COMMON_BLOCKS = YES;
				GCC_WARN_64_TO_32_BIT_CONVERSION = YES;
				GCC_WARN_ABOUT_RETURN_TYPE = YES_ERROR;
				GCC_WARN_UNDECLARED_SELECTOR = YES;
				GCC_WARN_UNINITIALIZED_AUTOS = YES_AGGRESSIVE;
				GCC_WARN_UNUSED_FUNCTION = YES;
				GCC_WARN_UNUSED_VARIABLE = YES;
				IPHONEOS_DEPLOYMENT_TARGET = 13.5;
				MTL_ENABLE_DEBUG_INFO = NO;
				MTL_FAST_MATH = YES;
				SDKROOT = iphoneos;
				SWIFT_COMPILATION_MODE = wholemodule;
				SWIFT_OPTIMIZATION_LEVEL = "-O";
				VALIDATE_PRODUCT = YES;
			};
			name = Release;
		};
		509C067424EFAF1A00FFEA85 /* Debug */ = {
			isa = XCBuildConfiguration;
			buildSettings = {
				ASSETCATALOG_COMPILER_APPICON_NAME = AppIcon;
				CODE_SIGN_STYLE = Automatic;
				DEVELOPMENT_TEAM = 2NVL9A4Y2H;
				INFOPLIST_FILE = "youtube-onedaybuild/Info.plist";
				LD_RUNPATH_SEARCH_PATHS = (
					"$(inherited)",
					"@executable_path/Frameworks",
				);
				PRODUCT_BUNDLE_IDENTIFIER = "com.simileoluwa-aluko.youtube-onedaybuild";
				PRODUCT_NAME = "$(TARGET_NAME)";
				SWIFT_VERSION = 5.0;
				TARGETED_DEVICE_FAMILY = "1,2";
			};
			name = Debug;
		};
		509C067524EFAF1A00FFEA85 /* Release */ = {
			isa = XCBuildConfiguration;
			buildSettings = {
				ASSETCATALOG_COMPILER_APPICON_NAME = AppIcon;
				CODE_SIGN_STYLE = Automatic;
				DEVELOPMENT_TEAM = 2NVL9A4Y2H;
				INFOPLIST_FILE = "youtube-onedaybuild/Info.plist";
				LD_RUNPATH_SEARCH_PATHS = (
					"$(inherited)",
					"@executable_path/Frameworks",
				);
				PRODUCT_BUNDLE_IDENTIFIER = "com.simileoluwa-aluko.youtube-onedaybuild";
				PRODUCT_NAME = "$(TARGET_NAME)";
				SWIFT_VERSION = 5.0;
				TARGETED_DEVICE_FAMILY = "1,2";
			};
			name = Release;
		};
/* End XCBuildConfiguration section */

/* Begin XCConfigurationList section */
		509C065A24EFAF1900FFEA85 /* Build configuration list for PBXProject "youtube-onedaybuild" */ = {
			isa = XCConfigurationList;
			buildConfigurations = (
				509C067124EFAF1A00FFEA85 /* Debug */,
				509C067224EFAF1A00FFEA85 /* Release */,
			);
			defaultConfigurationIsVisible = 0;
			defaultConfigurationName = Release;
		};
		509C067324EFAF1A00FFEA85 /* Build configuration list for PBXNativeTarget "youtube-onedaybuild" */ = {
			isa = XCConfigurationList;
			buildConfigurations = (
				509C067424EFAF1A00FFEA85 /* Debug */,
				509C067524EFAF1A00FFEA85 /* Release */,
			);
			defaultConfigurationIsVisible = 0;
			defaultConfigurationName = Release;
		};
/* End XCConfigurationList section */
	};
	rootObject = 509C065724EFAF1900FFEA85 /* Project object */;
}
